Microsoft Visual Studio Solution File, Format Version 12.00
# Visual Studio 2013
VisualStudioVersion = 12.0.31101.0
MinimumVisualStudioVersion = 10.0.40219.1
Project("{2150E333-8FDC-42A3-9474-1A3956D46DE8}") = ".paket", ".paket", "{63297B98-5CED-492C-A5B7-A5B4F73CF142}"
	ProjectSection(SolutionItems) = preProject
		..\paket.dependencies = ..\paket.dependencies
		..\paket.lock = ..\paket.lock
	EndProjectSection
EndProject
Project("{2150E333-8FDC-42A3-9474-1A3956D46DE8}") = "project", "project", "{BF60BC93-E09B-4E5F-9D85-95A519479D54}"
	ProjectSection(SolutionItems) = preProject
		..\.travis.yml = ..\.travis.yml
		..\appveyor.yml = ..\appveyor.yml
		..\buildConfig.fsx = ..\buildConfig.fsx
		..\CONTRIBUTING.md = ..\CONTRIBUTING.md
		..\README.md = ..\README.md
	EndProjectSection
EndProject
Project("{2150E333-8FDC-42A3-9474-1A3956D46DE8}") = "tests", "tests", "{ED8079DD-2B06-4030-9F0F-DC548F98E1C4}"
EndProject
Project("{2150E333-8FDC-42A3-9474-1A3956D46DE8}") = "doc", "doc", "{1572AB1D-0D26-476E-AEE8-4D4D37CE8033}"
	ProjectSection(SolutionItems) = preProject
		..\doc\DevelopReadme.md = ..\doc\DevelopReadme.md
		..\doc\ReleaseNotes.md = ..\doc\ReleaseNotes.md
	EndProjectSection
EndProject
Project("{FAE04EC0-301F-11D3-BF4B-00C04F79EFBC}") = "Yaaf.MessageArchiveManager.SQL", "source\Yaaf.MessageArchiveManager.SQL\Yaaf.MessageArchiveManager.SQL.csproj", "{C48BDFCA-2E31-405A-85DD-F5178B124AB2}"
EndProject
Project("{FAE04EC0-301F-11D3-BF4B-00C04F79EFBC}") = "Yaaf.MessageArchiveManager.MySQL", "source\Yaaf.MessageArchiveManager.MySQL\Yaaf.MessageArchiveManager.MySQL.csproj", "{DDAC285E-0F41-429F-9B17-03C9AE53BC8A}"
EndProject
Project("{F2A71F9B-5D33-465A-A702-920D77279786}") = "Test.Yaaf.MessageArchiveManager.SQL", "test\Test.Yaaf.MessageArchiveManager.SQL\Test.Yaaf.MessageArchiveManager.SQL.fsproj", "{BD031170-9410-4F9C-BDC7-8A977FED8E01}"
EndProject
Project("{F2A71F9B-5D33-465A-A702-920D77279786}") = "Test.Yaaf.MessageArchiveManager.MySQL", "test\Test.Yaaf.MessageArchiveManager.MySQL\Test.Yaaf.MessageArchiveManager.MySQL.fsproj", "{3402DAF3-0069-404C-BBA5-2B262262FC41}"
EndProject
Global
	GlobalSection(SolutionConfigurationPlatforms) = preSolution
		Debug|Net45 = Debug|Net45
		Release|Net45 = Release|Net45
	EndGlobalSection
	GlobalSection(ProjectConfigurationPlatforms) = postSolution
		{C48BDFCA-2E31-405A-85DD-F5178B124AB2}.Debug|Net45.ActiveCfg = Debug|Net45
		{C48BDFCA-2E31-405A-85DD-F5178B124AB2}.Debug|Net45.Build.0 = Debug|Net45
		{C48BDFCA-2E31-405A-85DD-F5178B124AB2}.Release|Net45.ActiveCfg = Release|Net45
		{C48BDFCA-2E31-405A-85DD-F5178B124AB2}.Release|Net45.Build.0 = Release|Net45
		{DDAC285E-0F41-429F-9B17-03C9AE53BC8A}.Debug|Net45.ActiveCfg = Debug|Net45
		{DDAC285E-0F41-429F-9B17-03C9AE53BC8A}.Debug|Net45.Build.0 = Debug|Net45
		{DDAC285E-0F41-429F-9B17-03C9AE53BC8A}.Release|Net45.ActiveCfg = Release|Net45
		{DDAC285E-0F41-429F-9B17-03C9AE53BC8A}.Release|Net45.Build.0 = Release|Net45
		{BD031170-9410-4F9C-BDC7-8A977FED8E01}.Debug|Net45.ActiveCfg = Debug|Net45
		{BD031170-9410-4F9C-BDC7-8A977FED8E01}.Debug|Net45.Build.0 = Debug|Net45
		{BD031170-9410-4F9C-BDC7-8A977FED8E01}.Release|Net45.ActiveCfg = Release|Net45
		{BD031170-9410-4F9C-BDC7-8A977FED8E01}.Release|Net45.Build.0 = Release|Net45
		{3402DAF3-0069-404C-BBA5-2B262262FC41}.Debug|Net45.ActiveCfg = Debug|Net45
		{3402DAF3-0069-404C-BBA5-2B262262FC41}.Debug|Net45.Build.0 = Debug|Net45
		{3402DAF3-0069-404C-BBA5-2B262262FC41}.Release|Net45.ActiveCfg = Release|Net45
		{3402DAF3-0069-404C-BBA5-2B262262FC41}.Release|Net45.Build.0 = Release|Net45
	EndGlobalSection
	GlobalSection(SolutionProperties) = preSolution
		HideSolutionNode = FALSE
	EndGlobalSection
	GlobalSection(NestedProjects) = preSolution
		{BD031170-9410-4F9C-BDC7-8A977FED8E01} = {ED8079DD-2B06-4030-9F0F-DC548F98E1C4}
		{3402DAF3-0069-404C-BBA5-2B262262FC41} = {ED8079DD-2B06-4030-9F0F-DC548F98E1C4}
	EndGlobalSection
EndGlobal
